
Microsoft Visual Studio Solution File, Format Version 12.00
# Visual Studio 15
VisualStudioVersion = 15.0.26430.13
MinimumVisualStudioVersion = 10.0.40219.1
Project("{9A19103F-16F7-4668-BE54-9A1E7A4F7556}") = "LunoApi.Net", "LunoApi.Net\LunoApi.Net.csproj", "{C4954930-691E-46B6-B0C1-14C7EF3AEA27}"
EndProject
Project("{FAE04EC0-301F-11D3-BF4B-00C04F79EFBC}") = "LunoApi.Net.Demo", "LunoApi.Net.Demo\LunoApi.Net.Demo.csproj", "{6091D687-A300-4CB2-854A-4FBF72AA339A}"
EndProject
Global
	GlobalSection(SolutionConfigurationPlatforms) = preSolution
		Debug|Any CPU = Debug|Any CPU
		Release|Any CPU = Release|Any CPU
	EndGlobalSection
	GlobalSection(ProjectConfigurationPlatforms) = postSolution
		{C4954930-691E-46B6-B0C1-14C7EF3AEA27}.Debug|Any CPU.ActiveCfg = Debug|Any CPU
		{C4954930-691E-46B6-B0C1-14C7EF3AEA27}.Debug|Any CPU.Build.0 = Debug|Any CPU
		{C4954930-691E-46B6-B0C1-14C7EF3AEA27}.Release|Any CPU.ActiveCfg = Release|Any CPU
		{C4954930-691E-46B6-B0C1-14C7EF3AEA27}.Release|Any CPU.Build.0 = Release|Any CPU
		{6091D687-A300-4CB2-854A-4FBF72AA339A}.Debug|Any CPU.ActiveCfg = Debug|Any CPU
		{6091D687-A300-4CB2-854A-4FBF72AA339A}.Debug|Any CPU.Build.0 = Debug|Any CPU
		{6091D687-A300-4CB2-854A-4FBF72AA339A}.Release|Any CPU.ActiveCfg = Release|Any CPU
		{6091D687-A300-4CB2-854A-4FBF72AA339A}.Release|Any CPU.Build.0 = Release|Any CPU
	EndGlobalSection
	GlobalSection(SolutionProperties) = preSolution
		HideSolutionNode = FALSE
	EndGlobalSection
EndGlobal
